
Microsoft Visual Studio Solution File, Format Version 12.00
# Visual Studio Version 17
VisualStudioVersion = 17.0.31912.275
MinimumVisualStudioVersion = 10.0.40219.1
Project("{2150E333-8FDC-42A3-9474-1A3956D46DE8}") = "OOP", "OOP", "{106F5A18-F5F5-4B1A-A2B2-5DE6B6B105DC}"
EndProject
Project("{2150E333-8FDC-42A3-9474-1A3956D46DE8}") = "LMP", "LMP", "{2F55B79A-80B2-40BB-8507-5B10CF0FDE35}"
EndProject
Project("{8BC9CEB8-8B4A-11D0-8D11-00A0C91BC942}") = "ListPract", "ListPract\ListPract.vcxproj", "{34970204-EE64-44A4-A866-FEC95474B23C}"
EndProject
Project("{8BC9CEB8-8B4A-11D0-8D11-00A0C91BC942}") = "test", "test\test.vcxproj", "{2E46EE04-6F47-49ED-93A7-B7C08B00E2CE}"
EndProject
Project("{8BC9CEB8-8B4A-11D0-8D11-00A0C91BC942}") = "Ring", "Jewellery\Jewellery.vcxproj", "{AE20AEE8-AC5B-47C5-8B7E-6A73ABA7C63D}"
EndProject
Project("{8BC9CEB8-8B4A-11D0-8D11-00A0C91BC942}") = "PirateShip", "PirateShip\PirateShip.vcxproj", "{08A144F8-0C92-4674-8F1D-E22EAE3A1368}"
EndProject
Project("{8BC9CEB8-8B4A-11D0-8D11-00A0C91BC942}") = "Toys", "Toys\Toys.vcxproj", "{3A53B027-B013-4529-A8B2-15C12C13B609}"
EndProject
Project("{8BC9CEB8-8B4A-11D0-8D11-00A0C91BC942}") = "5 - Norm", "5 - Norm\5 - Norm.vcxproj", "{24C381F9-D1D4-4218-9B02-734330B4F437}"
EndProject
Project("{8BC9CEB8-8B4A-11D0-8D11-00A0C91BC942}") = "6 - TList", "6 - TList\6 - TList.vcxproj", "{6743E996-C2E9-42A4-850E-62731BDE1DEC}"
EndProject
Project("{8BC9CEB8-8B4A-11D0-8D11-00A0C91BC942}") = "1 - ModelWindow", "1 - ModelWindow\ModelWindow.vcxproj", "{566CA68E-B483-4A2F-8950-9E07398E92B6}"
EndProject
Project("{8BC9CEB8-8B4A-11D0-8D11-00A0C91BC942}") = "2 - Complex", "2 - Complex\Complex.vcxproj", "{0DF1DDED-0EA5-41EB-96CA-0707054FC622}"
EndProject
Project("{8BC9CEB8-8B4A-11D0-8D11-00A0C91BC942}") = "4 - Vector3D", "4 - Vector3D\Vector3D.vcxproj", "{63D19A7A-1D16-4F29-82AE-C5F15296BDF4}"
EndProject
Project("{8BC9CEB8-8B4A-11D0-8D11-00A0C91BC942}") = "3 - Bill", "3 - Bill\Bill.vcxproj", "{21C5AF88-9F4B-4A5F-BD00-E89278415BED}"
EndProject
Global
	GlobalSection(SolutionConfigurationPlatforms) = preSolution
		Debug|x64 = Debug|x64
		Debug|x86 = Debug|x86
		Release|x64 = Release|x64
		Release|x86 = Release|x86
	EndGlobalSection
	GlobalSection(ProjectConfigurationPlatforms) = postSolution
		{34970204-EE64-44A4-A866-FEC95474B23C}.Debug|x64.ActiveCfg = Debug|x64
		{34970204-EE64-44A4-A866-FEC95474B23C}.Debug|x64.Build.0 = Debug|x64
		{34970204-EE64-44A4-A866-FEC95474B23C}.Debug|x86.ActiveCfg = Debug|Win32
		{34970204-EE64-44A4-A866-FEC95474B23C}.Debug|x86.Build.0 = Debug|Win32
		{34970204-EE64-44A4-A866-FEC95474B23C}.Release|x64.ActiveCfg = Release|x64
		{34970204-EE64-44A4-A866-FEC95474B23C}.Release|x64.Build.0 = Release|x64
		{34970204-EE64-44A4-A866-FEC95474B23C}.Release|x86.ActiveCfg = Release|Win32
		{34970204-EE64-44A4-A866-FEC95474B23C}.Release|x86.Build.0 = Release|Win32
		{2E46EE04-6F47-49ED-93A7-B7C08B00E2CE}.Debug|x64.ActiveCfg = Debug|x64
		{2E46EE04-6F47-49ED-93A7-B7C08B00E2CE}.Debug|x64.Build.0 = Debug|x64
		{2E46EE04-6F47-49ED-93A7-B7C08B00E2CE}.Debug|x86.ActiveCfg = Debug|Win32
		{2E46EE04-6F47-49ED-93A7-B7C08B00E2CE}.Debug|x86.Build.0 = Debug|Win32
		{2E46EE04-6F47-49ED-93A7-B7C08B00E2CE}.Release|x64.ActiveCfg = Release|x64
		{2E46EE04-6F47-49ED-93A7-B7C08B00E2CE}.Release|x64.Build.0 = Release|x64
		{2E46EE04-6F47-49ED-93A7-B7C08B00E2CE}.Release|x86.ActiveCfg = Release|Win32
		{2E46EE04-6F47-49ED-93A7-B7C08B00E2CE}.Release|x86.Build.0 = Release|Win32
		{AE20AEE8-AC5B-47C5-8B7E-6A73ABA7C63D}.Debug|x64.ActiveCfg = Debug|x64
		{AE20AEE8-AC5B-47C5-8B7E-6A73ABA7C63D}.Debug|x64.Build.0 = Debug|x64
		{AE20AEE8-AC5B-47C5-8B7E-6A73ABA7C63D}.Debug|x86.ActiveCfg = Debug|Win32
		{AE20AEE8-AC5B-47C5-8B7E-6A73ABA7C63D}.Debug|x86.Build.0 = Debug|Win32
		{AE20AEE8-AC5B-47C5-8B7E-6A73ABA7C63D}.Release|x64.ActiveCfg = Release|x64
		{AE20AEE8-AC5B-47C5-8B7E-6A73ABA7C63D}.Release|x64.Build.0 = Release|x64
		{AE20AEE8-AC5B-47C5-8B7E-6A73ABA7C63D}.Release|x86.ActiveCfg = Release|Win32
		{AE20AEE8-AC5B-47C5-8B7E-6A73ABA7C63D}.Release|x86.Build.0 = Release|Win32
		{08A144F8-0C92-4674-8F1D-E22EAE3A1368}.Debug|x64.ActiveCfg = Debug|x64
		{08A144F8-0C92-4674-8F1D-E22EAE3A1368}.Debug|x64.Build.0 = Debug|x64
		{08A144F8-0C92-4674-8F1D-E22EAE3A1368}.Debug|x86.ActiveCfg = Debug|Win32
		{08A144F8-0C92-4674-8F1D-E22EAE3A1368}.Debug|x86.Build.0 = Debug|Win32
		{08A144F8-0C92-4674-8F1D-E22EAE3A1368}.Release|x64.ActiveCfg = Release|x64
		{08A144F8-0C92-4674-8F1D-E22EAE3A1368}.Release|x64.Build.0 = Release|x64
		{08A144F8-0C92-4674-8F1D-E22EAE3A1368}.Release|x86.ActiveCfg = Release|Win32
		{08A144F8-0C92-4674-8F1D-E22EAE3A1368}.Release|x86.Build.0 = Release|Win32
		{3A53B027-B013-4529-A8B2-15C12C13B609}.Debug|x64.ActiveCfg = Debug|x64
		{3A53B027-B013-4529-A8B2-15C12C13B609}.Debug|x64.Build.0 = Debug|x64
		{3A53B027-B013-4529-A8B2-15C12C13B609}.Debug|x86.ActiveCfg = Debug|Win32
		{3A53B027-B013-4529-A8B2-15C12C13B609}.Debug|x86.Build.0 = Debug|Win32
		{3A53B027-B013-4529-A8B2-15C12C13B609}.Release|x64.ActiveCfg = Release|x64
		{3A53B027-B013-4529-A8B2-15C12C13B609}.Release|x64.Build.0 = Release|x64
		{3A53B027-B013-4529-A8B2-15C12C13B609}.Release|x86.ActiveCfg = Release|Win32
		{3A53B027-B013-4529-A8B2-15C12C13B609}.Release|x86.Build.0 = Release|Win32
		{24C381F9-D1D4-4218-9B02-734330B4F437}.Debug|x64.ActiveCfg = Debug|x64
		{24C381F9-D1D4-4218-9B02-734330B4F437}.Debug|x64.Build.0 = Debug|x64
		{24C381F9-D1D4-4218-9B02-734330B4F437}.Debug|x86.ActiveCfg = Debug|Win32
		{24C381F9-D1D4-4218-9B02-734330B4F437}.Debug|x86.Build.0 = Debug|Win32
		{24C381F9-D1D4-4218-9B02-734330B4F437}.Release|x64.ActiveCfg = Release|x64
		{24C381F9-D1D4-4218-9B02-734330B4F437}.Release|x64.Build.0 = Release|x64
		{24C381F9-D1D4-4218-9B02-734330B4F437}.Release|x86.ActiveCfg = Release|Win32
		{24C381F9-D1D4-4218-9B02-734330B4F437}.Release|x86.Build.0 = Release|Win32
		{6743E996-C2E9-42A4-850E-62731BDE1DEC}.Debug|x64.ActiveCfg = Debug|x64
		{6743E996-C2E9-42A4-850E-62731BDE1DEC}.Debug|x64.Build.0 = Debug|x64
		{6743E996-C2E9-42A4-850E-62731BDE1DEC}.Debug|x86.ActiveCfg = Debug|Win32
		{6743E996-C2E9-42A4-850E-62731BDE1DEC}.Debug|x86.Build.0 = Debug|Win32
		{6743E996-C2E9-42A4-850E-62731BDE1DEC}.Release|x64.ActiveCfg = Release|x64
		{6743E996-C2E9-42A4-850E-62731BDE1DEC}.Release|x64.Build.0 = Release|x64
		{6743E996-C2E9-42A4-850E-62731BDE1DEC}.Release|x86.ActiveCfg = Release|Win32
		{6743E996-C2E9-42A4-850E-62731BDE1DEC}.Release|x86.Build.0 = Release|Win32
		{566CA68E-B483-4A2F-8950-9E07398E92B6}.Debug|x64.ActiveCfg = Debug|x64
		{566CA68E-B483-4A2F-8950-9E07398E92B6}.Debug|x64.Build.0 = Debug|x64
		{566CA68E-B483-4A2F-8950-9E07398E92B6}.Debug|x86.ActiveCfg = Debug|Win32
		{566CA68E-B483-4A2F-8950-9E07398E92B6}.Debug|x86.Build.0 = Debug|Win32
		{566CA68E-B483-4A2F-8950-9E07398E92B6}.Release|x64.ActiveCfg = Release|x64
		{566CA68E-B483-4A2F-8950-9E07398E92B6}.Release|x64.Build.0 = Release|x64
		{566CA68E-B483-4A2F-8950-9E07398E92B6}.Release|x86.ActiveCfg = Release|Win32
		{566CA68E-B483-4A2F-8950-9E07398E92B6}.Release|x86.Build.0 = Release|Win32
		{0DF1DDED-0EA5-41EB-96CA-0707054FC622}.Debug|x64.ActiveCfg = Debug|x64
		{0DF1DDED-0EA5-41EB-96CA-0707054FC622}.Debug|x64.Build.0 = Debug|x64
		{0DF1DDED-0EA5-41EB-96CA-0707054FC622}.Debug|x86.ActiveCfg = Debug|Win32
		{0DF1DDED-0EA5-41EB-96CA-0707054FC622}.Debug|x86.Build.0 = Debug|Win32
		{0DF1DDED-0EA5-41EB-96CA-0707054FC622}.Release|x64.ActiveCfg = Release|x64
		{0DF1DDED-0EA5-41EB-96CA-0707054FC622}.Release|x64.Build.0 = Release|x64
		{0DF1DDED-0EA5-41EB-96CA-0707054FC622}.Release|x86.ActiveCfg = Release|Win32
		{0DF1DDED-0EA5-41EB-96CA-0707054FC622}.Release|x86.Build.0 = Release|Win32
		{63D19A7A-1D16-4F29-82AE-C5F15296BDF4}.Debug|x64.ActiveCfg = Debug|x64
		{63D19A7A-1D16-4F29-82AE-C5F15296BDF4}.Debug|x64.Build.0 = Debug|x64
		{63D19A7A-1D16-4F29-82AE-C5F15296BDF4}.Debug|x86.ActiveCfg = Debug|Win32
		{63D19A7A-1D16-4F29-82AE-C5F15296BDF4}.Debug|x86.Build.0 = Debug|Win32
		{63D19A7A-1D16-4F29-82AE-C5F15296BDF4}.Release|x64.ActiveCfg = Release|x64
		{63D19A7A-1D16-4F29-82AE-C5F15296BDF4}.Release|x64.Build.0 = Release|x64
		{63D19A7A-1D16-4F29-82AE-C5F15296BDF4}.Release|x86.ActiveCfg = Release|Win32
		{63D19A7A-1D16-4F29-82AE-C5F15296BDF4}.Release|x86.Build.0 = Release|Win32
		{21C5AF88-9F4B-4A5F-BD00-E89278415BED}.Debug|x64.ActiveCfg = Debug|x64
		{21C5AF88-9F4B-4A5F-BD00-E89278415BED}.Debug|x64.Build.0 = Debug|x64
		{21C5AF88-9F4B-4A5F-BD00-E89278415BED}.Debug|x86.ActiveCfg = Debug|Win32
		{21C5AF88-9F4B-4A5F-BD00-E89278415BED}.Debug|x86.Build.0 = Debug|Win32
		{21C5AF88-9F4B-4A5F-BD00-E89278415BED}.Release|x64.ActiveCfg = Release|x64
		{21C5AF88-9F4B-4A5F-BD00-E89278415BED}.Release|x64.Build.0 = Release|x64
		{21C5AF88-9F4B-4A5F-BD00-E89278415BED}.Release|x86.ActiveCfg = Release|Win32
		{21C5AF88-9F4B-4A5F-BD00-E89278415BED}.Release|x86.Build.0 = Release|Win32
	EndGlobalSection
	GlobalSection(SolutionProperties) = preSolution
		HideSolutionNode = FALSE
	EndGlobalSection
	GlobalSection(NestedProjects) = preSolution
		{34970204-EE64-44A4-A866-FEC95474B23C} = {2F55B79A-80B2-40BB-8507-5B10CF0FDE35}
		{AE20AEE8-AC5B-47C5-8B7E-6A73ABA7C63D} = {106F5A18-F5F5-4B1A-A2B2-5DE6B6B105DC}
		{08A144F8-0C92-4674-8F1D-E22EAE3A1368} = {2F55B79A-80B2-40BB-8507-5B10CF0FDE35}
		{3A53B027-B013-4529-A8B2-15C12C13B609} = {106F5A18-F5F5-4B1A-A2B2-5DE6B6B105DC}
		{24C381F9-D1D4-4218-9B02-734330B4F437} = {106F5A18-F5F5-4B1A-A2B2-5DE6B6B105DC}
		{6743E996-C2E9-42A4-850E-62731BDE1DEC} = {106F5A18-F5F5-4B1A-A2B2-5DE6B6B105DC}
		{566CA68E-B483-4A2F-8950-9E07398E92B6} = {106F5A18-F5F5-4B1A-A2B2-5DE6B6B105DC}
		{0DF1DDED-0EA5-41EB-96CA-0707054FC622} = {106F5A18-F5F5-4B1A-A2B2-5DE6B6B105DC}
		{63D19A7A-1D16-4F29-82AE-C5F15296BDF4} = {106F5A18-F5F5-4B1A-A2B2-5DE6B6B105DC}
		{21C5AF88-9F4B-4A5F-BD00-E89278415BED} = {106F5A18-F5F5-4B1A-A2B2-5DE6B6B105DC}
	EndGlobalSection
	GlobalSection(ExtensibilityGlobals) = postSolution
		SolutionGuid = {D62A6ACE-53D5-40A1-B1D6-DDE222C06B5E}
	EndGlobalSection
EndGlobal
